
Microsoft Visual Studio Solution File, Format Version 12.00
# Visual Studio Version 17
VisualStudioVersion = 17.4.33122.133
MinimumVisualStudioVersion = 10.0.40219.1
Project("{9A19103F-16F7-4668-BE54-9A1E7A4F7556}") = "todo-asp", "todo-asp\todo-asp.csproj", "{CD7FFA29-FACB-43DE-8F76-E53CAB6C0800}"
EndProject
Project("{FAE04EC0-301F-11D3-BF4B-00C04F79EFBC}") = "DAL", "DAL\DAL.csproj", "{89D212E2-AF0A-4534-8C8A-53C23486017D}"
EndProject
Global
	GlobalSection(SolutionConfigurationPlatforms) = preSolution
		Debug|Any CPU = Debug|Any CPU
		Release|Any CPU = Release|Any CPU
	EndGlobalSection
	GlobalSection(ProjectConfigurationPlatforms) = postSolution
		{CD7FFA29-FACB-43DE-8F76-E53CAB6C0800}.Debug|Any CPU.ActiveCfg = Debug|Any CPU
		{CD7FFA29-FACB-43DE-8F76-E53CAB6C0800}.Debug|Any CPU.Build.0 = Debug|Any CPU
		{CD7FFA29-FACB-43DE-8F76-E53CAB6C0800}.Release|Any CPU.ActiveCfg = Release|Any CPU
		{CD7FFA29-FACB-43DE-8F76-E53CAB6C0800}.Release|Any CPU.Build.0 = Release|Any CPU
		{89D212E2-AF0A-4534-8C8A-53C23486017D}.Debug|Any CPU.ActiveCfg = Debug|Any CPU
		{89D212E2-AF0A-4534-8C8A-53C23486017D}.Debug|Any CPU.Build.0 = Debug|Any CPU
		{89D212E2-AF0A-4534-8C8A-53C23486017D}.Release|Any CPU.ActiveCfg = Release|Any CPU
		{89D212E2-AF0A-4534-8C8A-53C23486017D}.Release|Any CPU.Build.0 = Release|Any CPU
	EndGlobalSection
	GlobalSection(SolutionProperties) = preSolution
		HideSolutionNode = FALSE
	EndGlobalSection
	GlobalSection(ExtensibilityGlobals) = postSolution
		SolutionGuid = {69EE6FC3-B53C-4E08-82FB-CF04549CE930}
	EndGlobalSection
EndGlobal
